
Microsoft Visual Studio Solution File, Format Version 12.00
# Visual Studio Version 17
VisualStudioVersion = 17.3.32922.545
MinimumVisualStudioVersion = 10.0.40219.1
Project("{FAE04EC0-301F-11D3-BF4B-00C04F79EFBC}") = "XadrezConsoleApplication", "XadrezConsoleApplication\XadrezConsoleApplication.csproj", "{5B518BEA-BBE2-4E0D-8FF8-7A47372196E2}"
EndProject
Global
	GlobalSection(SolutionConfigurationPlatforms) = preSolution
		Debug|Any CPU = Debug|Any CPU
		Release|Any CPU = Release|Any CPU
	EndGlobalSection
	GlobalSection(ProjectConfigurationPlatforms) = postSolution
		{5B518BEA-BBE2-4E0D-8FF8-7A47372196E2}.Debug|Any CPU.ActiveCfg = Debug|Any CPU
		{5B518BEA-BBE2-4E0D-8FF8-7A47372196E2}.Debug|Any CPU.Build.0 = Debug|Any CPU
		{5B518BEA-BBE2-4E0D-8FF8-7A47372196E2}.Release|Any CPU.ActiveCfg = Release|Any CPU
		{5B518BEA-BBE2-4E0D-8FF8-7A47372196E2}.Release|Any CPU.Build.0 = Release|Any CPU
	EndGlobalSection
	GlobalSection(SolutionProperties) = preSolution
		HideSolutionNode = FALSE
	EndGlobalSection
	GlobalSection(ExtensibilityGlobals) = postSolution
		SolutionGuid = {7876EC87-8710-4E9A-B575-C988D1E1ADC6}
	EndGlobalSection
EndGlobal
